{
  "name": "pi-extensions",
  "version": "file:../../../.dotfiles/pi/agent/npm",
  "lockfileVersion": 3,
  "requires": true,
  "packages": {
    "": {
      "name": "pi-extensions",
      "dependencies": {
        "@juicesharp/rpiv-ask-user-question": "^2.11.0",
        "pi-anthropic-oauth": "^0.2.4"
      }
    },
    "../../../.dotfiles/.dotfiles/.dotfiles/.dotfiles/pi/agent/npm/node_modules/@anthropic-ai/sdk": {
      "version": "0.52.0",
      "resolved": "https://registry.npmjs.org/@anthropic-ai/sdk/-/sdk-0.52.0.tgz",
      "integrity": "sha512-d4c+fg+xy9e46c8+YnrrgIQR45CZlAi7PwdzIfDXDM6ACxEZli1/fxhURsq30ZpMZy6LvSkr41jGq5aF5TD7rQ==",
      "extraneous": true,
      "license": "MIT",
      "bin": {
        "anthropic-ai-sdk": "bin/cli"
      }
    },
    "../../../.dotfiles/.dotfiles/.dotfiles/.dotfiles/pi/agent/npm/node_modules/pi-anthropic-oauth": {
      "version": "0.2.4",
      "resolved": "https://registry.npmjs.org/pi-anthropic-oauth/-/pi-anthropic-oauth-0.2.4.tgz",
      "integrity": "sha512-fcvYplwTTK3/nZ0lKWAVBWXFTb1lSBoxF9pjnFEZkFXSwr9hExX4PdHawIbKkb9e5fGiKeGG59tc6Ob2SJ88+g==",
      "extraneous": true,
      "license": "MIT",
      "dependencies": {
        "@anthropic-ai/sdk": "^0.52.0"
      },
      "engines": {
        "node": ">=18"
      },
      "peerDependencies": {
        "@earendil-works/pi-ai": ">=0.80.8",
        "@earendil-works/pi-coding-agent": ">=0.80.8"
      }
    },
    "../../../.dotfiles/.dotfiles/.dotfiles/pi/agent/npm/node_modules/@anthropic-ai/sdk": {
      "version": "0.52.0",
      "resolved": "https://registry.npmjs.org/@anthropic-ai/sdk/-/sdk-0.52.0.tgz",
      "integrity": "sha512-d4c+fg+xy9e46c8+YnrrgIQR45CZlAi7PwdzIfDXDM6ACxEZli1/fxhURsq30ZpMZy6LvSkr41jGq5aF5TD7rQ==",
      "extraneous": true,
      "license": "MIT",
      "bin": {
        "anthropic-ai-sdk": "bin/cli"
      }
    },
    "../../../.dotfiles/.dotfiles/.dotfiles/pi/agent/npm/node_modules/pi-anthropic-oauth": {
      "version": "0.2.4",
      "resolved": "https://registry.npmjs.org/pi-anthropic-oauth/-/pi-anthropic-oauth-0.2.4.tgz",
      "integrity": "sha512-fcvYplwTTK3/nZ0lKWAVBWXFTb1lSBoxF9pjnFEZkFXSwr9hExX4PdHawIbKkb9e5fGiKeGG59tc6Ob2SJ88+g==",
      "extraneous": true,
      "license": "MIT",
      "dependencies": {
        "@anthropic-ai/sdk": "^0.52.0"
      },
      "engines": {
        "node": ">=18"
      },
      "peerDependencies": {
        "@earendil-works/pi-ai": ">=0.80.8",
        "@earendil-works/pi-coding-agent": ">=0.80.8"
      }
    },
    "../../../.dotfiles/.dotfiles/pi/agent/npm/node_modules/@anthropic-ai/sdk": {
      "version": "0.52.0",
      "resolved": "https://registry.npmjs.org/@anthropic-ai/sdk/-/sdk-0.52.0.tgz",
      "integrity": "sha512-d4c+fg+xy9e46c8+YnrrgIQR45CZlAi7PwdzIfDXDM6ACxEZli1/fxhURsq30ZpMZy6LvSkr41jGq5aF5TD7rQ==",
      "extraneous": true,
      "license": "MIT",
      "bin": {
        "anthropic-ai-sdk": "bin/cli"
      }
    },
    "../../../.dotfiles/.dotfiles/pi/agent/npm/node_modules/pi-anthropic-oauth": {
      "version": "0.2.4",
      "resolved": "https://registry.npmjs.org/pi-anthropic-oauth/-/pi-anthropic-oauth-0.2.4.tgz",
      "integrity": "sha512-fcvYplwTTK3/nZ0lKWAVBWXFTb1lSBoxF9pjnFEZkFXSwr9hExX4PdHawIbKkb9e5fGiKeGG59tc6Ob2SJ88+g==",
      "extraneous": true,
      "license": "MIT",
      "dependencies": {
        "@anthropic-ai/sdk": "^0.52.0"
      },
      "engines": {
        "node": ">=18"
      },
      "peerDependencies": {
        "@earendil-works/pi-ai": ">=0.80.8",
        "@earendil-works/pi-coding-agent": ">=0.80.8"
      }
    },
    "../../../.dotfiles/pi/agent/npm/node_modules/@juicesharp/rpiv-ask-user-question": {
      "version": "2.11.0",
      "resolved": "https://registry.npmjs.org/@juicesharp/rpiv-ask-user-question/-/rpiv-ask-user-question-2.11.0.tgz",
      "integrity": "sha512-nSj0CfJ/cx1/I860eB8zbP/vfceriTah6yQR4fQm9gapmL02Vfy+CEuiLu3Sqcd1xhMv230ZCV/bhuZ1LFq1Pw==",
      "license": "MIT",
      "dependencies": {
        "@juicesharp/rpiv-config": "^2.11.0",
        "typebox": "^1.1.24"
      },
      "peerDependencies": {
        "@earendil-works/pi-coding-agent": "*",
        "@earendil-works/pi-tui": "*",
        "@juicesharp/rpiv-i18n": "*"
      },
      "peerDependenciesMeta": {
        "@juicesharp/rpiv-i18n": {
          "optional": true
        }
      }
    },
    "../../../.dotfiles/pi/agent/npm/node_modules/@juicesharp/rpiv-config": {
      "version": "2.11.0",
      "resolved": "https://registry.npmjs.org/@juicesharp/rpiv-config/-/rpiv-config-2.11.0.tgz",
      "integrity": "sha512-fjySBPar14qTPNMNPRYmH24YCaQ0r8xzW4P4jz8/Ph7JLFzIa+TM3ySzg9jRq0hh8wVqIAD4j4pcU66fdCkIag==",
      "license": "MIT",
      "dependencies": {
        "typebox": "^1.1.24"
      }
    },
    "../../../.dotfiles/pi/agent/npm/node_modules/pi-anthropic-oauth": {
      "version": "0.2.4",
      "resolved": "https://registry.npmjs.org/pi-anthropic-oauth/-/pi-anthropic-oauth-0.2.4.tgz",
      "integrity": "sha512-fcvYplwTTK3/nZ0lKWAVBWXFTb1lSBoxF9pjnFEZkFXSwr9hExX4PdHawIbKkb9e5fGiKeGG59tc6Ob2SJ88+g==",
      "license": "MIT",
      "dependencies": {
        "@anthropic-ai/sdk": "^0.52.0"
      },
      "engines": {
        "node": ">=18"
      },
      "peerDependencies": {
        "@earendil-works/pi-ai": ">=0.80.8",
        "@earendil-works/pi-coding-agent": ">=0.80.8"
      }
    },
    "../../../.dotfiles/pi/agent/npm/node_modules/pi-anthropic-oauth/node_modules/@anthropic-ai/sdk": {
      "version": "0.52.0",
      "resolved": "https://registry.npmjs.org/@anthropic-ai/sdk/-/sdk-0.52.0.tgz",
      "integrity": "sha512-d4c+fg+xy9e46c8+YnrrgIQR45CZlAi7PwdzIfDXDM6ACxEZli1/fxhURsq30ZpMZy6LvSkr41jGq5aF5TD7rQ==",
      "license": "MIT",
      "bin": {
        "anthropic-ai-sdk": "bin/cli"
      }
    },
    "../../../.dotfiles/pi/agent/npm/node_modules/typebox": {
      "version": "1.3.7",
      "resolved": "https://registry.npmjs.org/typebox/-/typebox-1.3.7.tgz",
      "integrity": "sha512-meKuifc33Pccx0O6PdIzYMq3Og8zvP4TIi/a+Bw3AEMZMxOD0+RHGQvpglEe6Zdy3wZ8nqn/j95h8LUZLk/6Hg==",
      "license": "MIT"
    }
  }
}
